<?xml version="1.0" encoding="utf-8"?>
<Project ToolsVersion="4.0" xmlns="http://schemas.microsoft.com/developer/msbuild/2003">
  <ItemGroup>
    <Filter Include="소스 파일">
      <UniqueIdentifier>{4FC737F1-C7A5-4376-A066-2A32D752A2FF}</UniqueIdentifier>
      <Extensions>cpp;c;cc;cxx;def;odl;idl;hpj;bat;asm;asmx</Extensions>
    </Filter>
    <Filter Include="헤더 파일">
      <UniqueIdentifier>{93995380-89BD-4b04-88EB-625FBE52EBFB}</UniqueIdentifier>
      <Extensions>h;hh;hpp;hxx;hm;inl;inc;ipp;xsd</Extensions>
    </Filter>
    <Filter Include="리소스 파일">
      <UniqueIdentifier>{67DA6AB6-F800-4c08-8B7A-83BB121AAD01}</UniqueIdentifier>
      <Extensions>rc;ico;cur;bmp;dlg;rc2;rct;bin;rgs;gif;jpg;jpeg;jpe;resx;tiff;tif;png;wav;mfcribbon-ms</Extensions>
    </Filter>
  </ItemGroup>
  <ItemGroup>
    <ClCompile Include="main.cpp">
      <Filter>소스 파일</Filter>
    </ClCompile>
    <ClCompile Include="Quiz\Sort\Find_Kth_Number.cpp">
      <Filter>소스 파일</Filter>
    </ClCompile>
    <ClCompile Include="stdafx.cpp">
      <Filter>소스 파일</Filter>
    </ClCompile>
    <ClCompile Include="Quiz\PraticeQuiz\AddDigits.cpp">
      <Filter>소스 파일</Filter>
    </ClCompile>
    <ClCompile Include="Quiz\PraticeQuiz\Array_Of_DivisibleNumber.cpp">
      <Filter>소스 파일</Filter>
    </ClCompile>
    <ClCompile Include="Quiz\PraticeQuiz\CaesarCipher.cpp">
      <Filter>소스 파일</Filter>
    </ClCompile>
    <ClCompile Include="Quiz\PraticeQuiz\SumOfPrimeNumber.cpp">
      <Filter>소스 파일</Filter>
    </ClCompile>
    <ClCompile Include="Quiz\PraticeQuiz\SumOfDivisor.cpp">
      <Filter>소스 파일</Filter>
    </ClCompile>
    <ClCompile Include="Quiz\PraticeQuiz\ConvertStringToInt.cpp">
      <Filter>소스 파일</Filter>
    </ClCompile>
    <ClCompile Include="Quiz\PraticeQuiz\CollatzConjecture.cpp">
      <Filter>소스 파일</Filter>
    </ClCompile>
    <ClCompile Include="Quiz\PraticeQuiz\AddOfMatrix.cpp">
      <Filter>소스 파일</Filter>
    </ClCompile>
    <ClCompile Include="Quiz\PraticeQuiz\StringSort_DescendingOrder.cpp">
      <Filter>소스 파일</Filter>
    </ClCompile>
    <ClCompile Include="Quiz\PraticeQuiz\ArrayOfUpsideDownNum.cpp">
      <Filter>소스 파일</Filter>
    </ClCompile>
    <ClCompile Include="Quiz\PraticeQuiz\ExtractNotSameNum.cpp">
      <Filter>소스 파일</Filter>
    </ClCompile>
  </ItemGroup>
  <ItemGroup>
    <ClInclude Include="Quiz\Sort\Find_Kth_Number.h">
      <Filter>헤더 파일</Filter>
    </ClInclude>
    <ClInclude Include="stdafx.h">
      <Filter>헤더 파일</Filter>
    </ClInclude>
    <ClInclude Include="Quiz\PraticeQuiz\AddDigits.h">
      <Filter>헤더 파일</Filter>
    </ClInclude>
    <ClInclude Include="Quiz\PraticeQuiz\Array_Of_DivisibleNumber.h">
      <Filter>헤더 파일</Filter>
    </ClInclude>
    <ClInclude Include="Quiz\PraticeQuiz\CaesarCipher.h">
      <Filter>헤더 파일</Filter>
    </ClInclude>
    <ClInclude Include="Quiz\PraticeQuiz\SumOfPrimeNumber.h">
      <Filter>헤더 파일</Filter>
    </ClInclude>
    <ClInclude Include="Quiz\PraticeQuiz\SumOfDivisor.h">
      <Filter>헤더 파일</Filter>
    </ClInclude>
    <ClInclude Include="Quiz\PraticeQuiz\ConvertStringToInt.h">
      <Filter>헤더 파일</Filter>
    </ClInclude>
    <ClInclude Include="Quiz\PraticeQuiz\CollatzConjecture.h">
      <Filter>헤더 파일</Filter>
    </ClInclude>
    <ClInclude Include="Quiz\PraticeQuiz\AddOfMatrix.h">
      <Filter>헤더 파일</Filter>
    </ClInclude>
    <ClInclude Include="Quiz\PraticeQuiz\StringSort_DescendingOrder.h">
      <Filter>헤더 파일</Filter>
    </ClInclude>
    <ClInclude Include="Quiz\PraticeQuiz\ArrayOfUpsideDownNum.h">
      <Filter>헤더 파일</Filter>
    </ClInclude>
    <ClInclude Include="Quiz\PraticeQuiz\ExtractNotSameNum.h">
      <Filter>헤더 파일</Filter>
    </ClInclude>
  </ItemGroup>
</Project>